Microsoft Visual Studio Solution File, Format Version 12.00
# Visual Studio Version 17
VisualStudioVersion = 17.5.2.0
MinimumVisualStudioVersion = 10.0.40219.1
Project("{2150E333-8FDC-42A3-9474-1A3956D46DE8}") = "sdk", "sdk", "{FF13A09E-0E72-1904-124B-A4E979EF28D3}"
EndProject
Project("{2150E333-8FDC-42A3-9474-1A3956D46DE8}") = "examples", "examples", "{B36A84DF-456D-A817-6EDD-3EC3E7F6E11F}"
EndProject
Project("{2150E333-8FDC-42A3-9474-1A3956D46DE8}") = "dotnet", "dotnet", "{9D954F24-B3F1-FF05-00E7-71549D8DD0D6}"
EndProject
Project("{FAE04EC0-301F-11D3-BF4B-00C04F79EFBC}") = "Pulumi.ProviderBoilerplate", "sdk\dotnet\Pulumi.ProviderBoilerplate.csproj", "{E88E001B-3059-90CA-BD72-2AEED35F12A9}"
EndProject
Project("{2150E333-8FDC-42A3-9474-1A3956D46DE8}") = "dotnet", "dotnet", "{9E09FF96-367B-7A25-3C2D-BD1EADA612D7}"
EndProject
Project("{FAE04EC0-301F-11D3-BF4B-00C04F79EFBC}") = "provider-provider-boilerplate", "examples\dotnet\provider-provider-boilerplate.csproj", "{F4AF29BA-CE4E-A6BC-A206-7F7C580E131E}"
EndProject
Global
	GlobalSection(SolutionConfigurationPlatforms) = preSolution
		Debug|Any CPU = Debug|Any CPU
		Release|Any CPU = Release|Any CPU
	EndGlobalSection
	GlobalSection(ProjectConfigurationPlatforms) = postSolution
		{E88E001B-3059-90CA-BD72-2AEED35F12A9}.Debug|Any CPU.ActiveCfg = Debug|Any CPU
		{E88E001B-3059-90CA-BD72-2AEED35F12A9}.Debug|Any CPU.Build.0 = Debug|Any CPU
		{E88E001B-3059-90CA-BD72-2AEED35F12A9}.Release|Any CPU.ActiveCfg = Release|Any CPU
		{E88E001B-3059-90CA-BD72-2AEED35F12A9}.Release|Any CPU.Build.0 = Release|Any CPU
		{F4AF29BA-CE4E-A6BC-A206-7F7C580E131E}.Debug|Any CPU.ActiveCfg = Debug|Any CPU
		{F4AF29BA-CE4E-A6BC-A206-7F7C580E131E}.Debug|Any CPU.Build.0 = Debug|Any CPU
		{F4AF29BA-CE4E-A6BC-A206-7F7C580E131E}.Release|Any CPU.ActiveCfg = Release|Any CPU
		{F4AF29BA-CE4E-A6BC-A206-7F7C580E131E}.Release|Any CPU.Build.0 = Release|Any CPU
	EndGlobalSection
	GlobalSection(SolutionProperties) = preSolution
		HideSolutionNode = FALSE
	EndGlobalSection
	GlobalSection(NestedProjects) = preSolution
		{9D954F24-B3F1-FF05-00E7-71549D8DD0D6} = {FF13A09E-0E72-1904-124B-A4E979EF28D3}
		{E88E001B-3059-90CA-BD72-2AEED35F12A9} = {9D954F24-B3F1-FF05-00E7-71549D8DD0D6}
		{9E09FF96-367B-7A25-3C2D-BD1EADA612D7} = {B36A84DF-456D-A817-6EDD-3EC3E7F6E11F}
		{F4AF29BA-CE4E-A6BC-A206-7F7C580E131E} = {9E09FF96-367B-7A25-3C2D-BD1EADA612D7}
	EndGlobalSection
	GlobalSection(ExtensibilityGlobals) = postSolution
		SolutionGuid = {6BE341F1-6205-446E-BB1E-8F158C5FCF7E}
	EndGlobalSection
EndGlobal
